
Microsoft Visual Studio Solution File, Format Version 12.00
# Visual Studio 15
VisualStudioVersion = 15.0.26730.12
MinimumVisualStudioVersion = 10.0.40219.1
Project("{8BC9CEB8-8B4A-11D0-8D11-00A0C91BC942}") = "HW9_Ex1", "HW9_Ex1\HW9_Ex1.vcxproj", "{7A11B4D2-ABF4-4E95-BB0E-777321178368}"
EndProject
Global
	GlobalSection(SolutionConfigurationPlatforms) = preSolution
		Debug|x64 = Debug|x64
		Debug|x86 = Debug|x86
		Release|x64 = Release|x64
		Release|x86 = Release|x86
	EndGlobalSection
	GlobalSection(ProjectConfigurationPlatforms) = postSolution
		{7A11B4D2-ABF4-4E95-BB0E-777321178368}.Debug|x64.ActiveCfg = Debug|x64
		{7A11B4D2-ABF4-4E95-BB0E-777321178368}.Debug|x64.Build.0 = Debug|x64
		{7A11B4D2-ABF4-4E95-BB0E-777321178368}.Debug|x86.ActiveCfg = Debug|Win32
		{7A11B4D2-ABF4-4E95-BB0E-777321178368}.Debug|x86.Build.0 = Debug|Win32
		{7A11B4D2-ABF4-4E95-BB0E-777321178368}.Release|x64.ActiveCfg = Release|x64
		{7A11B4D2-ABF4-4E95-BB0E-777321178368}.Release|x64.Build.0 = Release|x64
		{7A11B4D2-ABF4-4E95-BB0E-777321178368}.Release|x86.ActiveCfg = Release|Win32
		{7A11B4D2-ABF4-4E95-BB0E-777321178368}.Release|x86.Build.0 = Release|Win32
	EndGlobalSection
	GlobalSection(SolutionProperties) = preSolution
		HideSolutionNode = FALSE
	EndGlobalSection
	GlobalSection(ExtensibilityGlobals) = postSolution
		SolutionGuid = {5FC5769E-05DE-4E1E-A608-563C09629CB4}
	EndGlobalSection
EndGlobal
